{
  "lockfileVersion": 1,
  "configVersion": 0,
  "workspaces": {
    "": {
      "name": "ydb-orm",
      "dependencies": {
        "@bufbuild/protobuf": "^2.12.0",
        "@ydbjs/api": "^6.0.7",
        "@ydbjs/auth": "^6.3.1",
        "@ydbjs/core": "^6.3.1",
        "@ydbjs/error": "^6.0.6",
        "@ydbjs/query": "^6.3.0",
        "@ydbjs/retry": "^6.3.0",
        "@ydbjs/value": "^6.0.8",
        "jose": "^6.2.0",
        "pino": "^10.3.0",
      },
      "devDependencies": {
        "@biomejs/biome": "^2.5.3",
        "@types/bun": "^1.3.14",
        "@types/long": "^5.0.0",
        "long": "^5.3.2",
        "nanoid": "^5.1.16",
        "pino-pretty": "^13.1.3",
        "typescript": "^5.9.3",
      },
    },
  },
  "packages": {
    "@biomejs/biome": ["@biomejs/biome@2.5.3", "", { "optionalDependencies": { "@biomejs/cli-darwin-arm64": "2.5.3", "@biomejs/cli-darwin-x64": "2.5.3", "@biomejs/cli-linux-arm64": "2.5.3", "@biomejs/cli-linux-arm64-musl": "2.5.3", "@biomejs/cli-linux-x64": "2.5.3", "@biomejs/cli-linux-x64-musl": "2.5.3", "@biomejs/cli-win32-arm64": "2.5.3", "@biomejs/cli-win32-x64": "2.5.3" }, "bin": { "biome": "bin/biome" } }, "sha512-MrJswFdei9EfDwwUy2tQrPDpK0AO+RmMFvBoaaJ6ayBc3sUbHdCE+XG5N8vp+5So41ZupZJQm0roHFFhMGVD7A=="],

    "@biomejs/cli-darwin-arm64": ["@biomejs/cli-darwin-arm64@2.5.3", "", { "os": "darwin", "cpu": "arm64" }, "sha512-QhYP9muVQ0nUO5zztFuPbEwi4+94sJWVjaZds9aMi1l/KNZBiUjdiSUrGHsTaMGDXrYl+r4AS2sUKfgH3w+V3g=="],

    "@biomejs/cli-darwin-x64": ["@biomejs/cli-darwin-x64@2.5.3", "", { "os": "darwin", "cpu": "x64" }, "sha512-NC1Ss13UaW7QZX+y8j44bF7AP0jSJdBl6iRhe0MAkvaSqZy+mWg3GaXsrb+eSoHoGDBtaXWEbMVV0iVN2cZ7cQ=="],

    "@biomejs/cli-linux-arm64": ["@biomejs/cli-linux-arm64@2.5.3", "", { "os": "linux", "cpu": "arm64" }, "sha512-ksx1KWeyYW18ILL04msF/J4ZBtBDN33znYK8Z/aNv/vlBVxL9/g3mGP+omgHJKy4+KWbK87vcmmpmurfNjSgiA=="],

    "@biomejs/cli-linux-arm64-musl": ["@biomejs/cli-linux-arm64-musl@2.5.3", "", { "os": "linux", "cpu": "arm64" }, "sha512-fccix0w6xp6csCXgxeC0dU/3ecgRQal0y+cv2SP9ajNlhe7Yrk2Ug7UDe2j9AT9ZDYitkXpvUKgZjjuoYeP4Vg=="],

    "@biomejs/cli-linux-x64": ["@biomejs/cli-linux-x64@2.5.3", "", { "os": "linux", "cpu": "x64" }, "sha512-yMkJtilsgvILDcVkh187aVLTb64xYsrxYajx5kym+r1ULkO5HUOfu9AYKLGQbOVLwJtT2utNw7hhFNg+17mUYA=="],

    "@biomejs/cli-linux-x64-musl": ["@biomejs/cli-linux-x64-musl@2.5.3", "", { "os": "linux", "cpu": "x64" }, "sha512-O/yU9YKRUiHhmcjF2f38PSjseVk3G4VLWYc0G2HWpzdBVREV6G8IGWIVEFf7MFPfWIzNUIvPsEjeAZQIOgnLcQ=="],

    "@biomejs/cli-win32-arm64": ["@biomejs/cli-win32-arm64@2.5.3", "", { "os": "win32", "cpu": "arm64" }, "sha512-cX5z+GYwRcqEok0AH3KSfQGgqYd0Nomfp6Fbe1uiTtELE38hdH2k842wQ9wLNaF/JJ7r4rjJQ4VR+ce+fRmQbw=="],

    "@biomejs/cli-win32-x64": ["@biomejs/cli-win32-x64@2.5.3", "", { "os": "win32", "cpu": "x64" }, "sha512-ExSaJWi4/u6+GXCszlSKpWSjKNbDseAYqqkCznsCsZ/4uidZ/BEqsCc5/3ctlq6dfIubdIIRSVLC/PG9xPl70Q=="],

    "@bufbuild/protobuf": ["@bufbuild/protobuf@2.12.1", "", {}, "sha512-BvAMfS6LrgZiryOAZ4pBYucu4wG/Ei/9o9DZ9akbREnMLbPJiom2i8b9C8IsKErQoiKqVhrerzt3kOT/RrzLHg=="],

    "@date-fns/tz": ["@date-fns/tz@1.5.0", "", {}, "sha512-lwYN/vDPeNRULcepoE/LO2Pgx+7/RV+S9ARfbc9lr2DtGkOD7pAiruHvbR1RX3Qyf6ja47EWJDMsNK5vK08DJg=="],

    "@grpc/grpc-js": ["@grpc/grpc-js@1.14.4", "", { "dependencies": { "@grpc/proto-loader": "^0.8.0", "@js-sdsl/ordered-map": "^4.4.2" } }, "sha512-k9Dj3DV/itK9D06Y8f190Qgop7/Ui+D0njFV3LHMPwPT75DpXLQohE9Wmz0QElrJnzsjB7KPWiKJbOl7IPDArQ=="],

    "@grpc/proto-loader": ["@grpc/proto-loader@0.8.1", "", { "dependencies": { "lodash.camelcase": "^4.3.0", "long": "^5.0.0", "protobufjs": "^7.5.5", "yargs": "^17.7.2" }, "bin": { "proto-loader-gen-types": "build/bin/proto-loader-gen-types.js" } }, "sha512-wtF6h+DY6M3YaDBPAmvuuA6jV8Sif9MjtOI5euKFWRgCDl5PeDpPsHR9u2l6St5ceY8AZgoNDww5+HvEsXFsGg=="],

    "@js-sdsl/ordered-map": ["@js-sdsl/ordered-map@4.4.2", "", {}, "sha512-iUKgm52T8HOE/makSxjqoWhe95ZJA1/G1sYsGev2JDKUSS14KAgg1LHb+Ba+IPow0xflbnSkOsZcO08C7w1gYw=="],

    "@pinojs/redact": ["@pinojs/redact@0.4.0", "", {}, "sha512-k2ENnmBugE/rzQfEcdWHcCY+/FM3VLzH9cYEsbdsoqrvzAKRhUZeRNhAZvB8OitQJ1TBed3yqWtdjzS6wJKBwg=="],

    "@protobufjs/aspromise": ["@protobufjs/aspromise@1.1.2", "", {}, "sha512-j+gKExEuLmKwvz3OgROXtrJ2UG2x8Ch2YZUxahh+s1F2HZ+wAceUNLkvy6zKCPVRkU++ZWQrdxsUeQXmcg4uoQ=="],

    "@protobufjs/base64": ["@protobufjs/base64@1.1.2", "", {}, "sha512-AZkcAA5vnN/v4PDqKyMR5lx7hZttPDgClv83E//FMNhR2TMcLUhfRUBHCmSl0oi9zMgDDqRUJkSxO3wm85+XLg=="],

    "@protobufjs/codegen": ["@protobufjs/codegen@2.0.5", "", {}, "sha512-zgXFLzW3Ap33e6d0Wlj4MGIm6Ce8O89n/apUaGNB/jx+hw+ruWEp7EwGUshdLKVRCxZW12fp9r40E1mQrf/34g=="],

    "@protobufjs/eventemitter": ["@protobufjs/eventemitter@1.1.1", "", {}, "sha512-vW1GmwMZNnL+gMRaovlh9yZX74kc+TTU3FObkkurpMaRtBfLP3ldjS9KQWlwZgraRE0+dheEEoAxdzcJQ8eXZg=="],

    "@protobufjs/fetch": ["@protobufjs/fetch@1.1.1", "", { "dependencies": { "@protobufjs/aspromise": "^1.1.1" } }, "sha512-GpptLrs57adMSuHi3VNj0mAF8dwh36LMaYF6XyJ6JMWlVsc+t42tm1HSEDmOs3A8fC9yyeisgLhsTVQokOZ0zw=="],

    "@protobufjs/float": ["@protobufjs/float@1.0.2", "", {}, "sha512-Ddb+kVXlXst9d+R9PfTIxh1EdNkgoRe5tOX6t01f1lYWOvJnSPDBlG241QLzcyPdoNTsblLUdujGSE4RzrTZGQ=="],

    "@protobufjs/inquire": ["@protobufjs/inquire@1.1.2", "", {}, "sha512-pa0vFRuws4wkvaXKK1uXZMAwAX4/t8ANaJo45iw/oQHNQ9q5xUzwgFmVJGXiga2BeN+zpX7Vf9vmsiIa2J+MUw=="],

    "@protobufjs/path": ["@protobufjs/path@1.1.2", "", {}, "sha512-6JOcJ5Tm08dOHAbdR3GrvP+yUUfkjG5ePsHYczMFLq3ZmMkAD98cDgcT2iA1lJ9NVwFd4tH/iSSoe44YWkltEA=="],

    "@protobufjs/pool": ["@protobufjs/pool@1.1.0", "", {}, "sha512-0kELaGSIDBKvcgS4zkjz1PeddatrjYcmMWOlAuAPwAeccUrPHdUqo/J6LiymHHEiJT5NrF1UVwxY14f+fy4WQw=="],

    "@protobufjs/utf8": ["@protobufjs/utf8@1.1.2", "", {}, "sha512-b1UQwcEZ4yCnMCD8DAL1VlbvBJE9/IX4FTIp7BG1xYpf29SLazLSrqUkj4w7Y5y7cCVP6E5tcqqcI0xemPkHug=="],

    "@types/bun": ["@types/bun@1.3.14", "", { "dependencies": { "bun-types": "1.3.14" } }, "sha512-h1hFqFVcvAvD9j9K7ZW7vd82aSA+rTdznZa+5bwvCwqSB1jmmfLcbIWhOLx1/+boy/xmjgCs/OMUL8hRJSmnPw=="],

    "@types/long": ["@types/long@5.0.0", "", { "dependencies": { "long": "*" } }, "sha512-eQs9RsucA/LNjnMoJvWG/nXa7Pot/RbBzilF/QRIU/xRl+0ApxrSUFsV5lmf01SvSlqMzJ7Zwxe440wmz2SJGA=="],

    "@types/node": ["@types/node@26.1.1", "", { "dependencies": { "undici-types": "~8.3.0" } }, "sha512-nxAkRSVkN1Y0JC1W8ky/fTfkGsMmcrRsbx+3XoZE+rMOX71kLYTV7fLXpqud1GpbpP5TuffXFqfX7fH2GgZREw=="],

    "@ydbjs/abortable": ["@ydbjs/abortable@6.1.0", "", {}, "sha512-oe/lewGfseMVW64AHIWSA6pFOQy3v+s3atJdhhYay0jnGhhZtfYDyDykD6rWQLJaTrYe+SRBinq3lq9+mUB5jQ=="],

    "@ydbjs/api": ["@ydbjs/api@6.0.7", "", { "dependencies": { "@bufbuild/protobuf": "2.12.0", "@grpc/grpc-js": "^1.14.0", "nice-grpc": "^2.1.13" } }, "sha512-T9HaIEYtl6H0caQmRk0doEV/WTuAotazzBho8ky4nr6R1c+yptAtgFCj/u8QwPh8R0ThgH1o+cli+qCJ1jQnPw=="],

    "@ydbjs/auth": ["@ydbjs/auth@6.3.1", "", { "dependencies": { "@bufbuild/protobuf": "2.12.0", "@grpc/grpc-js": "^1.14.0", "@ydbjs/abortable": "^6.1.0", "@ydbjs/api": "^6.0.7", "@ydbjs/debug": "^6.0.0", "@ydbjs/error": "^6.0.6", "@ydbjs/retry": "^6.3.0", "nice-grpc": "^2.1.13" } }, "sha512-M1vKkWgsFIOxu42bj66ow8t8xVj2af3H/S74Sd3aD2mH1sGo9Ou/D/+U7pzMuyTxmYYILjs3Q6NCQl2bx/fmpA=="],

    "@ydbjs/core": ["@ydbjs/core@6.3.1", "", { "dependencies": { "@bufbuild/protobuf": "2.12.0", "@grpc/grpc-js": "^1.14.0", "@ydbjs/abortable": "^6.1.0", "@ydbjs/api": "^6.0.7", "@ydbjs/auth": "^6.3.1", "@ydbjs/debug": "^6.0.0", "@ydbjs/error": "^6.0.6", "@ydbjs/retry": "^6.3.0", "nice-grpc": "^2.1.13" } }, "sha512-fjhv2IN3ZWB4DNXj67VA5lSReoDKJb8nMrrHg2NvJsdEYaqdwDaFkQhw3ozZ5AIvJihCAWAddMb5qB+bKF3R8A=="],

    "@ydbjs/debug": ["@ydbjs/debug@6.0.5", "", { "dependencies": { "debug": "^4.4.0", "supports-color": "^10.2.2" } }, "sha512-NCajxe2PyIm2FJCcRB+VmZ1g9Bnjr0TRIiHp195P7bqHuSW36x4YYoDDDA2at3SF7MGnQD3JFj27mFYM8CbBUg=="],

    "@ydbjs/error": ["@ydbjs/error@6.0.6", "", { "dependencies": { "@bufbuild/protobuf": "2.12.0", "@ydbjs/api": "^6.0.7" } }, "sha512-kYS0f130SyPyOnkieG8LOzslIBqzU9hDFfP/QSetdWTUpBRTEsKtL5U0SzIHgQ3IsNJSOuG5IOxNoDgKvcpYEA=="],

    "@ydbjs/query": ["@ydbjs/query@6.3.0", "", { "dependencies": { "@bufbuild/protobuf": "2.12.0", "@ydbjs/abortable": "^6.1.0", "@ydbjs/api": "^6.0.7", "@ydbjs/core": "^6.3.1", "@ydbjs/debug": "^6.0.0", "@ydbjs/error": "^6.0.6", "@ydbjs/retry": "^6.3.0", "@ydbjs/value": "^6.0.8", "debug": "^4.4.0", "nice-grpc": "^2.1.13" } }, "sha512-c1BPG1FSpzktultJ1QN+ce8y1yK0hWqsPeO5uSI3QvZehEcJgwtljK9ARbxagRwuMLKGLI4T9R3J1+Amy0AUPw=="],

    "@ydbjs/retry": ["@ydbjs/retry@6.3.0", "", { "dependencies": { "@ydbjs/abortable": "^6.1.0", "@ydbjs/api": "^6.0.0", "@ydbjs/debug": "^6.0.0", "@ydbjs/error": "^6.0.0", "nice-grpc": "^2.1.13" } }, "sha512-4NyensaFV6E8fyeWrsCv/Q3bkJSifsfJgLY+eU28uQ4P0oS1x4ngO7lFXgCng+bPG+wjsEf2/oiDL8eL24kONQ=="],

    "@ydbjs/value": ["@ydbjs/value@6.0.8", "", { "dependencies": { "@bufbuild/protobuf": "2.12.0", "@date-fns/tz": "^1.4.1", "@ydbjs/api": "^6.0.7", "date-fns": "^4.1.0", "proposal-decimal": "^20250613.0.0" } }, "sha512-JGaSpMkc472jEnPQhajD3jnHA/1lUcfFgTNvRBdq0HuRKhAD7IHdjj+tIGEEIvvzXNIrSjkfYg9blKw3uIOsWw=="],

    "abort-controller-x": ["abort-controller-x@0.5.0", "", {}, "sha512-yTt9CI0x+nRfX6BFMenEGP8ooPvErGH6AbFz20C2IeOLIlDsrw/VHpgne3GsCEuTA410IiFiaLVFKmgM4bKEPQ=="],

    "ansi-regex": ["ansi-regex@5.0.1", "", {}, "sha512-quJQXlTSUGL2LH9SUXo8VwsY4soanhgo6LNSm84E1LBcE8s3O0wpdiRzyR9z/ZZJMlMWv37qOOb9pdJlMUEKFQ=="],

    "ansi-styles": ["ansi-styles@4.3.0", "", { "dependencies": { "color-convert": "^2.0.1" } }, "sha512-zbB9rCJAT1rbjiVDb2hqKFHNYLxgtk8NURxZ3IZwD3F6NtxbXZQCnnSi1Lkx+IDohdPlFp222wVALIheZJQSEg=="],

    "atomic-sleep": ["atomic-sleep@1.0.0", "", {}, "sha512-kNOjDqAh7px0XWNI+4QbzoiR/nTkHAWNud2uvnJquD1/x5a7EQZMJT0AczqK0Qn67oY/TTQ1LbUKajZpp3I9tQ=="],

    "bun-types": ["bun-types@1.3.14", "", { "dependencies": { "@types/node": "*" } }, "sha512-4N0ig0fEomHt5R0KCFWjovxow98rIoRwKolrYdCcknNwMekCXRnWEUvgu5soYV8QXtVsrUD8B95MBOZGPvr6KQ=="],

    "cliui": ["cliui@8.0.1", "", { "dependencies": { "string-width": "^4.2.0", "strip-ansi": "^6.0.1", "wrap-ansi": "^7.0.0" } }, "sha512-BSeNnyus75C4//NQ9gQt1/csTXyo/8Sb+afLAkzAptFuMsod9HFokGNudZpi/oQV73hnVK+sR+5PVRMd+Dr7YQ=="],

    "color-convert": ["color-convert@2.0.1", "", { "dependencies": { "color-name": "~1.1.4" } }, "sha512-RRECPsj7iu/xb5oKYcsFHSppFNnsj/52OVTRKb4zP5onXwVF3zVmmToNcOfGC+CRDpfK/U584fMg38ZHCaElKQ=="],

    "color-name": ["color-name@1.1.4", "", {}, "sha512-dOy+3AuW3a2wNbZHIuMZpTcgjGuLU/uBL/ubcZF9OXbDo8ff4O8yVp5Bf0efS8uEoYo5q4Fx7dY9OgQGXgAsQA=="],

    "colorette": ["colorette@2.0.20", "", {}, "sha512-IfEDxwoWIjkeXL1eXcDiow4UbKjhLdq6/EuSVR9GMN7KVH3r9gQ83e73hsz1Nd1T3ijd5xv1wcWRYO+D6kCI2w=="],

    "date-fns": ["date-fns@4.4.0", "", {}, "sha512-+1UMbeh68lH1SegH83CGWwpb6OHHbpSgr3+s5Eww5M4CAgswBpoWS0AjTOfEJ33HiYKz1hdj/KTFprzXHmq/6w=="],

    "dateformat": ["dateformat@4.6.3", "", {}, "sha512-2P0p0pFGzHS5EMnhdxQi7aJN+iMheud0UhG4dlE1DLAlvL8JHjJJTX/CSm4JXwV0Ka5nGk3zC5mcb5bUQUxxMA=="],

    "debug": ["debug@4.4.3", "", { "dependencies": { "ms": "^2.1.3" } }, "sha512-RGwwWnwQvkVfavKVt22FGLw+xYSdzARwm0ru6DhTVA3umU5hZc28V3kO4stgYryrTlLpuvgI9GiijltAjNbcqA=="],

    "emoji-regex": ["emoji-regex@8.0.0", "", {}, "sha512-MSjYzcWNOA0ewAHpz0MxpYFvwg6yjy1NG3xteoqz644VCo/RPgnr1/GGt+ic3iJTzQ8Eu3TdM14SawnVUmGE6A=="],

    "end-of-stream": ["end-of-stream@1.4.5", "", { "dependencies": { "once": "^1.4.0" } }, "sha512-ooEGc6HP26xXq/N+GCGOT0JKCLDGrq2bQUZrQ7gyrJiZANJ/8YDTxTpQBXGMn+WbIQXNVpyWymm7KYVICQnyOg=="],

    "escalade": ["escalade@3.2.0", "", {}, "sha512-WUj2qlxaQtO4g6Pq5c29GTcWGDyd8itL8zTlipgECz3JesAiiOKotd8JU6otB3PACgG6xkJUyVhboMS+bje/jA=="],

    "fast-copy": ["fast-copy@4.0.4", "", {}, "sha512-eVAiWVNPSEGIzDl5yPuLrx8fNMogScXvD9xp1Kzd41FjRIz2I3sSIcxsFeM5EzFfHAfobdvs8ZySffUopljvIA=="],

    "fast-safe-stringify": ["fast-safe-stringify@2.1.1", "", {}, "sha512-W+KJc2dmILlPplD/H4K9l9LcAHAfPtP6BY84uVLXQ6Evcz9Lcg33Y2z1IVblT6xdY54PXYVHEv+0Wpq8Io6zkA=="],

    "get-caller-file": ["get-caller-file@2.0.5", "", {}, "sha512-DyFP3BM/3YHTQOCUL/w0OZHR0lpKeGrxotcHWcqNEdnltqFwXVfhEBQ94eIo34AfQpo0rGki4cyIiftY06h2Fg=="],

    "help-me": ["help-me@5.0.0", "", {}, "sha512-7xgomUX6ADmcYzFik0HzAxh/73YlKR9bmFzf51CZwR+b6YtzU2m0u49hQCqV6SvlqIqsaxovfwdvbnsw3b/zpg=="],

    "is-fullwidth-code-point": ["is-fullwidth-code-point@3.0.0", "", {}, "sha512-zymm5+u+sCsSWyD9qNaejV3DFvhCKclKdizYaJUuHA83RLjb7nSuGnddCHGv0hk+KY7BMAlsWeK4Ueg6EV6XQg=="],

    "jose": ["jose@6.2.3", "", {}, "sha512-YYVDInQKFJfR/xa3ojUTl8c2KoTwiL1R5Wg9YCydwH0x0B9grbzlg5HC7mMjCtUJjbQ/YnGEZIhI5tCgfTb4Hw=="],

    "joycon": ["joycon@3.1.1", "", {}, "sha512-34wB/Y7MW7bzjKRjUKTa46I2Z7eV62Rkhva+KkopW7Qvv/OSWBqvkSY7vusOPrNuZcUG3tApvdVgNB8POj3SPw=="],

    "lodash.camelcase": ["lodash.camelcase@4.3.0", "", {}, "sha512-TwuEnCnxbc3rAvhf/LbG7tJUDzhqXyFnv3dtzLOPgCG/hODL7WFnsbwktkD7yUV0RrreP/l1PALq/YSg6VvjlA=="],

    "long": ["long@5.3.2", "", {}, "sha512-mNAgZ1GmyNhD7AuqnTG3/VQ26o760+ZYBPKjPvugO8+nLbYfX6TVpJPseBvopbdY+qpZ/lKUnmEc1LeZYS3QAA=="],

    "minimist": ["minimist@1.2.8", "", {}, "sha512-2yyAR8qBkN3YuheJanUpWC5U3bb5osDywNB8RzDVlDwDHbocAJveqqj1u8+SVD7jkWT4yvsHCpWqqWqAxb0zCA=="],

    "ms": ["ms@2.1.3", "", {}, "sha512-6FlzubTLZG3J2a/NVCAleEhjzq5oxgHyaCU9yYXvcLsvoVaHJq/s5xXI6/XXP6tz7R9xAOtHnSO/tXtF3WRTlA=="],

    "nanoid": ["nanoid@5.1.16", "", { "bin": "bin/nanoid.js" }, "sha512-kVrnsrJqMR8+oLJnGEmSWw9BivK5mt7H3FZatVRjrc5wGqFYuBxX1yG7+A7Gi5AefkX6t/oCkizcQgpu0cY1dQ=="],

    "nice-grpc": ["nice-grpc@2.1.16", "", { "dependencies": { "@grpc/grpc-js": "^1.14.0", "abort-controller-x": "^0.5.0", "nice-grpc-common": "^2.0.3" } }, "sha512-Cl3Pn00212Hl8/U6bpgMxmhZj5lyv3nWoJov4cd3FjWarktrMHP4DNvSjCnDwkMWYx4W1tyscEia4JX6Y4GVCQ=="],

    "nice-grpc-common": ["nice-grpc-common@2.0.3", "", { "dependencies": { "ts-error": "^1.0.6" } }, "sha512-MEhnD3JMah0mgyivpb9hpRDbOBuXBxI/TVO+OK1h6rC97WM42HsPMR+zzRNQ0C5BqYJTw1nyWiQRD0DucO+pjQ=="],

    "on-exit-leak-free": ["on-exit-leak-free@2.1.2", "", {}, "sha512-0eJJY6hXLGf1udHwfNftBqH+g73EU4B504nZeKpz1sYRKafAghwxEJunB2O7rDZkL4PGfsMVnTXZ2EjibbqcsA=="],

    "once": ["once@1.4.0", "", { "dependencies": { "wrappy": "1" } }, "sha512-lNaJgI+2Q5URQBkccEKHTQOPaXdUxnZZElQTZY0MFUAuaEqe1E+Nyvgdz/aIyNi6Z9MzO5dv1H8n58/GELp3+w=="],

    "pino": ["pino@10.3.1", "", { "dependencies": { "@pinojs/redact": "^0.4.0", "atomic-sleep": "^1.0.0", "on-exit-leak-free": "^2.1.0", "pino-abstract-transport": "^3.0.0", "pino-std-serializers": "^7.0.0", "process-warning": "^5.0.0", "quick-format-unescaped": "^4.0.3", "real-require": "^0.2.0", "safe-stable-stringify": "^2.3.1", "sonic-boom": "^4.0.1", "thread-stream": "^4.0.0" }, "bin": "bin.js" }, "sha512-r34yH/GlQpKZbU1BvFFqOjhISRo1MNx1tWYsYvmj6KIRHSPMT2+yHOEb1SG6NMvRoHRF0a07kCOox/9yakl1vg=="],

    "pino-abstract-transport": ["pino-abstract-transport@3.0.0", "", { "dependencies": { "split2": "^4.0.0" } }, "sha512-wlfUczU+n7Hy/Ha5j9a/gZNy7We5+cXp8YL+X+PG8S0KXxw7n/JXA3c46Y0zQznIJ83URJiwy7Lh56WLokNuxg=="],

    "pino-pretty": ["pino-pretty@13.1.3", "", { "dependencies": { "colorette": "^2.0.7", "dateformat": "^4.6.3", "fast-copy": "^4.0.0", "fast-safe-stringify": "^2.1.1", "help-me": "^5.0.0", "joycon": "^3.1.1", "minimist": "^1.2.6", "on-exit-leak-free": "^2.1.0", "pino-abstract-transport": "^3.0.0", "pump": "^3.0.0", "secure-json-parse": "^4.0.0", "sonic-boom": "^4.0.1", "strip-json-comments": "^5.0.2" }, "bin": "bin.js" }, "sha512-ttXRkkOz6WWC95KeY9+xxWL6AtImwbyMHrL1mSwqwW9u+vLp/WIElvHvCSDg0xO/Dzrggz1zv3rN5ovTRVowKg=="],

    "pino-std-serializers": ["pino-std-serializers@7.1.0", "", {}, "sha512-BndPH67/JxGExRgiX1dX0w1FvZck5Wa4aal9198SrRhZjH3GxKQUKIBnYJTdj2HDN3UQAS06HlfcSbQj2OHmaw=="],

    "process-warning": ["process-warning@5.0.0", "", {}, "sha512-a39t9ApHNx2L4+HBnQKqxxHNs1r7KF+Intd8Q/g1bUh6q0WIp9voPXJ/x0j+ZL45KF1pJd9+q2jLIRMfvEshkA=="],

    "proposal-decimal": ["proposal-decimal@20250613.0.0", "", {}, "sha512-cLO4I9fFHl4khF7x8F3/MUJzO/2eXvRVALzcHzNzc2pJKdNFcpk4EWW+W29V0qBQulZ6IkO58oMPU8BrsZIjag=="],

    "protobufjs": ["protobufjs@7.6.3", "", { "dependencies": { "@protobufjs/aspromise": "^1.1.2", "@protobufjs/base64": "^1.1.2", "@protobufjs/codegen": "^2.0.5", "@protobufjs/eventemitter": "^1.1.1", "@protobufjs/fetch": "^1.1.1", "@protobufjs/float": "^1.0.2", "@protobufjs/inquire": "^1.1.2", "@protobufjs/path": "^1.1.2", "@protobufjs/pool": "^1.1.0", "@protobufjs/utf8": "^1.1.1", "@types/node": ">=13.7.0", "long": "^5.3.2" } }, "sha512-+k0vdJKNdW+Vu+dYe8tZA/VvQb6XKNWexC6URwBFXxNnjLJz9nQJCemGyNgRAWD+B7+nGNc9qMPGwcD7s4nzUw=="],

    "pump": ["pump@3.0.4", "", { "dependencies": { "end-of-stream": "^1.1.0", "once": "^1.3.1" } }, "sha512-VS7sjc6KR7e1ukRFhQSY5LM2uBWAUPiOPa/A3mkKmiMwSmRFUITt0xuj+/lesgnCv+dPIEYlkzrcyXgquIHMcA=="],

    "quick-format-unescaped": ["quick-format-unescaped@4.0.4", "", {}, "sha512-tYC1Q1hgyRuHgloV/YXs2w15unPVh8qfu/qCTfhTYamaw7fyhumKa2yGpdSo87vY32rIclj+4fWYQXUMs9EHvg=="],

    "real-require": ["real-require@0.2.0", "", {}, "sha512-57frrGM/OCTLqLOAh0mhVA9VBMHd+9U7Zb2THMGdBUoZVOtGbJzjxsYGDJ3A9AYYCP4hn6y1TVbaOfzWtm5GFg=="],

    "require-directory": ["require-directory@2.1.1", "", {}, "sha512-fGxEI7+wsG9xrvdjsrlmL22OMTTiHRwAMroiEeMgq8gzoLC/PQr7RsRDSTLUg/bZAZtF+TVIkHc6/4RIKrui+Q=="],

    "safe-stable-stringify": ["safe-stable-stringify@2.5.0", "", {}, "sha512-b3rppTKm9T+PsVCBEOUR46GWI7fdOs00VKZ1+9c1EWDaDMvjQc6tUwuFyIprgGgTcWoVHSKrU8H31ZHA2e0RHA=="],

    "secure-json-parse": ["secure-json-parse@4.1.0", "", {}, "sha512-l4KnYfEyqYJxDwlNVyRfO2E4NTHfMKAWdUuA8J0yve2Dz/E/PdBepY03RvyJpssIpRFwJoCD55wA+mEDs6ByWA=="],

    "sonic-boom": ["sonic-boom@4.2.1", "", { "dependencies": { "atomic-sleep": "^1.0.0" } }, "sha512-w6AxtubXa2wTXAUsZMMWERrsIRAdrK0Sc+FUytWvYAhBJLyuI4llrMIC1DtlNSdI99EI86KZum2MMq3EAZlF9Q=="],

    "split2": ["split2@4.2.0", "", {}, "sha512-UcjcJOWknrNkF6PLX83qcHM6KHgVKNkV62Y8a5uYDVv9ydGQVwAHMKqHdJje1VTWpljG0WYpCDhrCdAOYH4TWg=="],

    "string-width": ["string-width@4.2.3", "", { "dependencies": { "emoji-regex": "^8.0.0", "is-fullwidth-code-point": "^3.0.0", "strip-ansi": "^6.0.1" } }, "sha512-wKyQRQpjJ0sIp62ErSZdGsjMJWsap5oRNihHhu6G7JVO/9jIB6UyevL+tXuOqrng8j/cxKTWyWUwvSTriiZz/g=="],

    "strip-ansi": ["strip-ansi@6.0.1", "", { "dependencies": { "ansi-regex": "^5.0.1" } }, "sha512-Y38VPSHcqkFrCpFnQ9vuSXmquuv5oXOKpGeT6aGrr3o3Gc9AlVa6JBfUSOCnbxGGZF+/0ooI7KrPuUSztUdU5A=="],

    "strip-json-comments": ["strip-json-comments@5.0.3", "", {}, "sha512-1tB5mhVo7U+ETBKNf92xT4hrQa3pm0MZ0PQvuDnWgAAGHDsfp4lPSpiS6psrSiet87wyGPh9ft6wmhOMQ0hDiw=="],

    "supports-color": ["supports-color@10.2.2", "", {}, "sha512-SS+jx45GF1QjgEXQx4NJZV9ImqmO2NPz5FNsIHrsDjh2YsHnawpan7SNQ1o8NuhrbHZy9AZhIoCUiCeaW/C80g=="],

    "thread-stream": ["thread-stream@4.2.0", "", { "dependencies": { "real-require": "^1.0.0" } }, "sha512-e2zZ96wSChazBsbENf/Pcm/4swHt2cEKQ92rhUjkL9GCKiTDJIaTBenjE/m9DXi0QBmTMDkFDdOomUy20A1tDQ=="],

    "ts-error": ["ts-error@1.0.6", "", {}, "sha512-tLJxacIQUM82IR7JO1UUkKlYuUTmoY9HBJAmNWFzheSlDS5SPMcNIepejHJa4BpPQLAcbRhRf3GDJzyj6rbKvA=="],

    "typescript": ["typescript@5.9.3", "", { "bin": { "tsc": "bin/tsc", "tsserver": "bin/tsserver" } }, "sha512-jl1vZzPDinLr9eUt3J/t7V6FgNEw9QjvBPdysz9KfQDD41fQrC2Y4vKQdiaUpFT4bXlb1RHhLpp8wtm6M5TgSw=="],

    "undici-types": ["undici-types@8.3.0", "", {}, "sha512-j375ScV60dom+YkPFIfTLcOiPxkN/buHz5GobjLhixFuANaNs3C9l4GmrWqejgXWJ7BbJcFYpTEUkS1Ge8bpZQ=="],

    "wrap-ansi": ["wrap-ansi@7.0.0", "", { "dependencies": { "ansi-styles": "^4.0.0", "string-width": "^4.1.0", "strip-ansi": "^6.0.0" } }, "sha512-YVGIj2kamLSTxw6NsZjoBxfSwsn0ycdesmc4p+Q21c5zPuZ1pl+NfxVdxPtdHvmNVOQ6XSYG4AUtyt/Fi7D16Q=="],

    "wrappy": ["wrappy@1.0.2", "", {}, "sha512-l4Sp/DRseor9wL6EvV2+TuQn63dMkPjZ/sp9XkghTEbV9KlPS1xUsZ3u7/IQO4wxtcFB4bgpQPRcR3QCvezPcQ=="],

    "y18n": ["y18n@5.0.8", "", {}, "sha512-0pfFzegeDWJHJIAmTLRP2DwHjdF5s7jo9tuztdQxAhINCdvS+3nGINqPd00AphqJR/0LhANUS6/+7SCb98YOfA=="],

    "yargs": ["yargs@17.7.3", "", { "dependencies": { "cliui": "^8.0.1", "escalade": "^3.1.1", "get-caller-file": "^2.0.5", "require-directory": "^2.1.1", "string-width": "^4.2.3", "y18n": "^5.0.5", "yargs-parser": "^21.1.1" } }, "sha512-GZtjxm/J/4TSxuL3FNYjCmLktBTnIw/rVmKSIyKeYAZpmJB2ig9VauCC5xsa82GNKVKDAqpOn3KVzNt0zmrU0g=="],

    "yargs-parser": ["yargs-parser@21.1.1", "", {}, "sha512-tVpsJW7DdjecAiFpbIB1e3qxIQsE6NoPc5/eTdrbbIC4h0LVsWhnoa3g+m2HclBIujHzsxZ4VJVA+GUuc2/LBw=="],

    "@ydbjs/api/@bufbuild/protobuf": ["@bufbuild/protobuf@2.12.0", "", {}, "sha512-B/XlCaFIP8LOwzo+bz5uFzATYokcwCKQcghqnlfwSmM5eX/qTkvDBnDPs+gXtX/RyjxJ4DRikECcPJbyALA8FA=="],

    "@ydbjs/auth/@bufbuild/protobuf": ["@bufbuild/protobuf@2.12.0", "", {}, "sha512-B/XlCaFIP8LOwzo+bz5uFzATYokcwCKQcghqnlfwSmM5eX/qTkvDBnDPs+gXtX/RyjxJ4DRikECcPJbyALA8FA=="],

    "@ydbjs/core/@bufbuild/protobuf": ["@bufbuild/protobuf@2.12.0", "", {}, "sha512-B/XlCaFIP8LOwzo+bz5uFzATYokcwCKQcghqnlfwSmM5eX/qTkvDBnDPs+gXtX/RyjxJ4DRikECcPJbyALA8FA=="],

    "@ydbjs/error/@bufbuild/protobuf": ["@bufbuild/protobuf@2.12.0", "", {}, "sha512-B/XlCaFIP8LOwzo+bz5uFzATYokcwCKQcghqnlfwSmM5eX/qTkvDBnDPs+gXtX/RyjxJ4DRikECcPJbyALA8FA=="],

    "@ydbjs/query/@bufbuild/protobuf": ["@bufbuild/protobuf@2.12.0", "", {}, "sha512-B/XlCaFIP8LOwzo+bz5uFzATYokcwCKQcghqnlfwSmM5eX/qTkvDBnDPs+gXtX/RyjxJ4DRikECcPJbyALA8FA=="],

    "@ydbjs/value/@bufbuild/protobuf": ["@bufbuild/protobuf@2.12.0", "", {}, "sha512-B/XlCaFIP8LOwzo+bz5uFzATYokcwCKQcghqnlfwSmM5eX/qTkvDBnDPs+gXtX/RyjxJ4DRikECcPJbyALA8FA=="],

    "thread-stream/real-require": ["real-require@1.0.0", "", {}, "sha512-P4nbQYQfePJxRSmY+v/KINxVucm4NF3p3s7pJveMTtom52FR4YGltUQLB8idDXwDDWW+eYrWDFbuzUnjoWHF7g=="],
  }
}
